<Solution>
  <Folder Name="/src/">
    <Project Path="src/SephPlanner.Core/SephPlanner.Core.csproj" />
    <Project Path="src/SephPlanner.DataTool/SephPlanner.DataTool.csproj" />
    <Project Path="src/SephPlanner.Plugin/SephPlanner.Plugin.csproj" />
  </Folder>
  <Folder Name="/tests/">
    <Project Path="tests/SephPlanner.Tests/SephPlanner.Tests.csproj" />
  </Folder>
</Solution>
